// !$*UTF8*$!
{
	archiveVersion = 1;
	classes = {
	};
	objectVersion = 77;
	objects = {

/* Begin PBXBuildFile section */
		2ED5918F2E4D63C7001FF3A4 /* SnapKit in Frameworks */ = {isa = PBXBuildFile; productRef = 2ED5918E2E4D63C7001FF3A4 /* SnapKit */; };
/* End PBXBuildFile section */

/* Begin PBXContainerItemProxy section */
		2ED5915D2E4D615F001FF3A4 /* PBXContainerItemProxy */ = {
			isa = PBXContainerItemProxy;
			containerPortal = 2ED5913B2E4D615D001FF3A4 /* Project object */;
			proxyType = 1;
			remoteGlobalIDString = 2ED591422E4D615D001FF3A4;
			remoteInfo = TestLuxury;
		};
		2ED591672E4D615F001FF3A4 /* PBXContainerItemProxy */ = {
			isa = PBXContainerItemProxy;
			containerPortal = 2ED5913B2E4D615D001FF3A4 /* Project object */;
			proxyType = 1;
			remoteGlobalIDString = 2ED591422E4D615D001FF3A4;
			remoteInfo = TestLuxury;
		};
/* End PBXContainerItemProxy section */

/* Begin PBXFileReference section */
		2ED591432E4D615D001FF3A4 /* TestLuxury.app */ = {isa = PBXFileReference; explicitFileType = wrapper.application; includeInIndex = 0; path = TestLuxury.app; sourceTree = BUILT_PRODUCTS_DIR; };
		2ED5915C2E4D615F001FF3A4 /* TestLuxuryTests.xctest */ = {isa = PBXFileReference; explicitFileType = wrapper.cfbundle; includeInIndex = 0; path = TestLuxuryTests.xctest; sourceTree = BUILT_PRODUCTS_DIR; };
		2ED591662E4D615F001FF3A4 /* TestLuxuryUITests.xctest */ = {isa = PBXFileReference; explicitFileType = wrapper.cfbundle; includeInIndex = 0; path = TestLuxuryUITests.xctest; sourceTree = BUILT_PRODUCTS_DIR; };
/* End PBXFileReference section */

/* Begin PBXFileSystemSynchronizedBuildFileExceptionSet section */
		2ED5916E2E4D615F001FF3A4 /* Exceptions for "TestLuxury" folder in "TestLuxury" target */ = {
			isa = PBXFileSystemSynchronizedBuildFileExceptionSet;
			membershipExceptions = (
				Info.plist,
			);
			target = 2ED591422E4D615D001FF3A4 /* TestLuxury */;
		};
/* End PBXFileSystemSynchronizedBuildFileExceptionSet section */

/* Begin PBXFileSystemSynchronizedRootGroup section */
		2ED591452E4D615D001FF3A4 /* TestLuxury */ = {
			isa = PBXFileSystemSynchronizedRootGroup;
			exceptions = (
				2ED5916E2E4D615F001FF3A4 /* Exceptions for "TestLuxury" folder in "TestLuxury" target */,
			);
			path = TestLuxury;
			sourceTree = "<group>";
		};
		2ED5915F2E4D615F001FF3A4 /* TestLuxuryTests */ = {
			isa = PBXFileSystemSynchronizedRootGroup;
			path = TestLuxuryTests;
			sourceTree = "<group>";
		};
		2ED591692E4D615F001FF3A4 /* TestLuxuryUITests */ = {
			isa = PBXFileSystemSynchronizedRootGroup;
			path = TestLuxuryUITests;
			sourceTree = "<group>";
		};
/* End PBXFileSystemSynchronizedRootGroup section */

/* Begin PBXFrameworksBuildPhase section */
		2ED591402E4D615D001FF3A4 /* Frameworks */ = {
			isa = PBXFrameworksBuildPhase;
			buildActionMask = 2147483647;
			files = (
				2ED5918F2E4D63C7001FF3A4 /* SnapKit in Frameworks */,
			);
			runOnlyForDeploymentPostprocessing = 0;
		};
		2ED591592E4D615F001FF3A4 /* Frameworks */ = {
			isa = PBXFrameworksBuildPhase;
			buildActionMask = 2147483647;
			files = (
			);
			runOnlyForDeploymentPostprocessing = 0;
		};
		2ED591632E4D615F001FF3A4 /* Frameworks */ = {
			isa = PBXFrameworksBuildPhase;
			buildActionMask = 2147483647;
			files = (
			);
			runOnlyForDeploymentPostprocessing = 0;
		};
/* End PBXFrameworksBuildPhase section */

/* Begin PBXGroup section */
		2ED5913A2E4D615D001FF3A4 = {
			isa = PBXGroup;
			children = (
				2ED591452E4D615D001FF3A4 /* TestLuxury */,
				2ED5915F2E4D615F001FF3A4 /* TestLuxuryTests */,
				2ED591692E4D615F001FF3A4 /* TestLuxuryUITests */,
				2ED591442E4D615D001FF3A4 /* Products */,
			);
			sourceTree = "<group>";
		};
		2ED591442E4D615D001FF3A4 /* Products */ = {
			isa = PBXGroup;
			children = (
				2ED591432E4D615D001FF3A4 /* TestLuxury.app */,
				2ED5915C2E4D615F001FF3A4 /* TestLuxuryTests.xctest */,
				2ED591662E4D615F001FF3A4 /* TestLuxuryUITests.xctest */,
			);
			name = Products;
			sourceTree = "<group>";
		};
/* End PBXGroup section */

/* Begin PBXNativeTarget section */
		2ED591422E4D615D001FF3A4 /* TestLuxury */ = {
			isa = PBXNativeTarget;
			buildConfigurationList = 2ED5916F2E4D615F001FF3A4 /* Build configuration list for PBXNativeTarget "TestLuxury" */;
			buildPhases = (
				2ED5913F2E4D615D001FF3A4 /* Sources */,
				2ED591402E4D615D001FF3A4 /* Frameworks */,
				2ED591412E4D615D001FF3A4 /* Resources */,
			);
			buildRules = (
			);
			dependencies = (
			);
			fileSystemSynchronizedGroups = (
				2ED591452E4D615D001FF3A4 /* TestLuxury */,
			);
			name = TestLuxury;
			packageProductDependencies = (
				2ED5918E2E4D63C7001FF3A4 /* SnapKit */,
			);
			productName = TestLuxury;
			productReference = 2ED591432E4D615D001FF3A4 /* TestLuxury.app */;
			productType = "com.apple.product-type.application";
		};
		2ED5915B2E4D615F001FF3A4 /* TestLuxuryTests */ = {
			isa = PBXNativeTarget;
			buildConfigurationList = 2ED591742E4D615F001FF3A4 /* Build configuration list for PBXNativeTarget "TestLuxuryTests" */;
			buildPhases = (
				2ED591582E4D615F001FF3A4 /* Sources */,
				2ED591592E4D615F001FF3A4 /* Frameworks */,
				2ED5915A2E4D615F001FF3A4 /* Resources */,
			);
			buildRules = (
			);
			dependencies = (
				2ED5915E2E4D615F001FF3A4 /* PBXTargetDependency */,
			);
			fileSystemSynchronizedGroups = (
				2ED5915F2E4D615F001FF3A4 /* TestLuxuryTests */,
			);
			name = TestLuxuryTests;
			packageProductDependencies = (
			);
			productName = TestLuxuryTests;
			productReference = 2ED5915C2E4D615F001FF3A4 /* TestLuxuryTests.xctest */;
			productType = "com.apple.product-type.bundle.unit-test";
		};
		2ED591652E4D615F001FF3A4 /* TestLuxuryUITests */ = {
			isa = PBXNativeTarget;
			buildConfigurationList = 2ED591772E4D615F001FF3A4 /* Build configuration list for PBXNativeTarget "TestLuxuryUITests" */;
			buildPhases = (
				2ED591622E4D615F001FF3A4 /* Sources */,
				2ED591632E4D615F001FF3A4 /* Frameworks */,
				2ED591642E4D615F001FF3A4 /* Resources */,
			);
			buildRules = (
			);
			dependencies = (
				2ED591682E4D615F001FF3A4 /* PBXTargetDependency */,
			);
			fileSystemSynchronizedGroups = (
				2ED591692E4D615F001FF3A4 /* TestLuxuryUITests */,
			);
			name = TestLuxuryUITests;
			packageProductDependencies = (
			);
			productName = TestLuxuryUITests;
			productReference = 2ED591662E4D615F001FF3A4 /* TestLuxuryUITests.xctest */;
			productType = "com.apple.product-type.bundle.ui-testing";
		};
/* End PBXNativeTarget section */

/* Begin PBXProject section */
		2ED5913B2E4D615D001FF3A4 /* Project object */ = {
			isa = PBXProject;
			attributes = {
				BuildIndependentTargetsInParallel = 1;
				LastSwiftUpdateCheck = 1630;
				LastUpgradeCheck = 1630;
				TargetAttributes = {
					2ED591422E4D615D001FF3A4 = {
						CreatedOnToolsVersion = 16.3;
					};
					2ED5915B2E4D615F001FF3A4 = {
						CreatedOnToolsVersion = 16.3;
						TestTargetID = 2ED591422E4D615D001FF3A4;
					};
					2ED591652E4D615F001FF3A4 = {
						CreatedOnToolsVersion = 16.3;
						TestTargetID = 2ED591422E4D615D001FF3A4;
					};
				};
			};
			buildConfigurationList = 2ED5913E2E4D615D001FF3A4 /* Build configuration list for PBXProject "TestLuxury" */;
			developmentRegion = en;
			hasScannedForEncodings = 0;
			knownRegions = (
				en,
				Base,
			);
			mainGroup = 2ED5913A2E4D615D001FF3A4;
			minimizedProjectReferenceProxies = 1;
			packageReferences = (
				2ED5918D2E4D63C7001FF3A4 /* XCRemoteSwiftPackageReference "SnapKit" */,
			);
			preferredProjectObjectVersion = 77;
			productRefGroup = 2ED591442E4D615D001FF3A4 /* Products */;
			projectDirPath = "";
			projectRoot = "";
			targets = (
				2ED591422E4D615D001FF3A4 /* TestLuxury */,
				2ED5915B2E4D615F001FF3A4 /* TestLuxuryTests */,
				2ED591652E4D615F001FF3A4 /* TestLuxuryUITests */,
			);
		};
/* End PBXProject section */

/* Begin PBXResourcesBuildPhase section */
		2ED591412E4D615D001FF3A4 /* Resources */ = {
			isa = PBXResourcesBuildPhase;
			buildActionMask = 2147483647;
			files = (
			);
			runOnlyForDeploymentPostprocessing = 0;
		};
		2ED5915A2E4D615F001FF3A4 /* Resources */ = {
			isa = PBXResourcesBuildPhase;
			buildActionMask = 2147483647;
			files = (
			);
			runOnlyForDeploymentPostprocessing = 0;
		};
		2ED591642E4D615F001FF3A4 /* Resources */ = {
			isa = PBXResourcesBuildPhase;
			buildActionMask = 2147483647;
			files = (
			);
			runOnlyForDeploymentPostprocessing = 0;
		};
/* End PBXResourcesBuildPhase section */

/* Begin PBXSourcesBuildPhase section */
		2ED5913F2E4D615D001FF3A4 /* Sources */ = {
			isa = PBXSourcesBuildPhase;
			buildActionMask = 2147483647;
			files = (
			);
			runOnlyForDeploymentPostprocessing = 0;
		};
		2ED591582E4D615F001FF3A4 /* Sources */ = {
			isa = PBXSourcesBuildPhase;
			buildActionMask = 2147483647;
			files = (
			);
			runOnlyForDeploymentPostprocessing = 0;
		};
		2ED591622E4D615F001FF3A4 /* Sources */ = {
			isa = PBXSourcesBuildPhase;
			buildActionMask = 2147483647;
			files = (
			);
			runOnlyForDeploymentPostprocessing = 0;
		};
/* End PBXSourcesBuildPhase section */

/* Begin PBXTargetDependency section */
		2ED5915E2E4D615F001FF3A4 /* PBXTargetDependency */ = {
			isa = PBXTargetDependency;
			target = 2ED591422E4D615D001FF3A4 /* TestLuxury */;
			targetProxy = 2ED5915D2E4D615F001FF3A4 /* PBXContainerItemProxy */;
		};
		2ED591682E4D615F001FF3A4 /* PBXTargetDependency */ = {
			isa = PBXTargetDependency;
			target = 2ED591422E4D615D001FF3A4 /* TestLuxury */;
			targetProxy = 2ED591672E4D615F001FF3A4 /* PBXContainerItemProxy */;
		};
/* End PBXTargetDependency section */

/* Begin XCBuildConfiguration section */
		2ED591702E4D615F001FF3A4 /* Debug */ = {
			isa = XCBuildConfiguration;
			buildSettings = {
				ASSETCATALOG_COMPILER_APPICON_NAME = AppIcon;
				ASSETCATALOG_COMPILER_GLOBAL_ACCENT_COLOR_NAME = AccentColor;
				CODE_SIGN_STYLE = Automatic;
				CURRENT_PROJECT_VERSION = 1;
				GENERATE_INFOPLIST_FILE = YES;
				INFOPLIST_FILE = TestLuxury/Info.plist;
				INFOPLIST_KEY_UIApplicationSupportsIndirectInputEvents = YES;
				INFOPLIST_KEY_UILaunchStoryboardName = LaunchScreen;
				INFOPLIST_KEY_UIStatusBarStyle = "";
				INFOPLIST_KEY_UISupportedInterfaceOrientations_iPad = "UIInterfaceOrientationPortrait UIInterfaceOrientationPortraitUpsideDown UIInterfaceOrientationLandscapeLeft UIInterfaceOrientationLandscapeRight";
				INFOPLIST_KEY_UISupportedInterfaceOrientations_iPhone = "UIInterfaceOrientationPortrait UIInterfaceOrientationLandscapeLeft UIInterfaceOrientationLandscapeRight";
				LD_RUNPATH_SEARCH_PATHS = (
					"$(inherited)",
					"@executable_path/Frameworks",
				);
				MARKETING_VERSION = 1.0;
				PRODUCT_BUNDLE_IDENTIFIER = AlexanderZhilin.TestLuxury;
				PRODUCT_NAME = "$(TARGET_NAME)";
				SWIFT_EMIT_LOC_STRINGS = YES;
				SWIFT_VERSION = 5.0;
				TARGETED_DEVICE_FAMILY = "1,2";
			};
			name = Debug;
		};
		2ED591712E4D615F001FF3A4 /* Release */ = {
			isa = XCBuildConfiguration;
			buildSettings = {
				ASSETCATALOG_COMPILER_APPICON_NAME = AppIcon;
				ASSETCATALOG_COMPILER_GLOBAL_ACCENT_COLOR_NAME = AccentColor;
				CODE_SIGN_STYLE = Automatic;
				CURRENT_PROJECT_VERSION = 1;
				GENERATE_INFOPLIST_FILE = YES;
				INFOPLIST_FILE = TestLuxury/Info.plist;
				INFOPLIST_KEY_UIApplicationSupportsIndirectInputEvents = YES;
				INFOPLIST_KEY_UILaunchStoryboardName = LaunchScreen;
				INFOPLIST_KEY_UIStatusBarStyle = "";
				INFOPLIST_KEY_UISupportedInterfaceOrientations_iPad = "UIInterfaceOrientationPortrait UIInterfaceOrientationPortraitUpsideDown UIInterfaceOrientationLandscapeLeft UIInterfaceOrientationLandscapeRight";
				INFOPLIST_KEY_UISupportedInterfaceOrientations_iPhone = "UIInterfaceOrientationPortrait UIInterfaceOrientationLandscapeLeft UIInterfaceOrientationLandscapeRight";
				LD_RUNPATH_SEARCH_PATHS = (
					"$(inherited)",
					"@executable_path/Frameworks",
				);
				MARKETING_VERSION = 1.0;
				PRODUCT_BUNDLE_IDENTIFIER = AlexanderZhilin.TestLuxury;
				PRODUCT_NAME = "$(TARGET_NAME)";
				SWIFT_EMIT_LOC_STRINGS = YES;
				SWIFT_VERSION = 5.0;
				TARGETED_DEVICE_FAMILY = "1,2";
			};
			name = Release;
		};
		2ED591722E4D615F001FF3A4 /* Debug */ = {
			isa = XCBuildConfiguration;
			buildSettings = {
				ALWAYS_SEARCH_USER_PATHS = NO;
				ASSETCATALOG_COMPILER_GENERATE_SWIFT_ASSET_SYMBOL_EXTENSIONS = YES;
				CLANG_ANALYZER_NONNULL = YES;
				CLANG_ANALYZER_NUMBER_OBJECT_CONVERSION = YES_AGGRESSIVE;
				CLANG_CXX_LANGUAGE_STANDARD = "gnu++20";
				CLANG_ENABLE_MODULES = YES;
				CLANG_ENABLE_OBJC_ARC = YES;
				CLANG_ENABLE_OBJC_WEAK = YES;
				CLANG_WARN_BLOCK_CAPTURE_AUTORELEASING = YES;
				CLANG_WARN_BOOL_CONVERSION = YES;
				CLANG_WARN_COMMA = YES;
				CLANG_WARN_CONSTANT_CONVERSION = YES;
				CLANG_WARN_DEPRECATED_OBJC_IMPLEMENTATIONS = YES;
				CLANG_WARN_DIRECT_OBJC_ISA_USAGE = YES_ERROR;
				CLANG_WARN_DOCUMENTATION_COMMENTS = YES;
				CLANG_WARN_EMPTY_BODY = YES;
				CLANG_WARN_ENUM_CONVERSION = YES;
				CLANG_WARN_INFINITE_RECURSION = YES;
				CLANG_WARN_INT_CONVERSION = YES;
				CLANG_WARN_NON_LITERAL_NULL_CONVERSION = YES;
				CLANG_WARN_OBJC_IMPLICIT_RETAIN_SELF = YES;
				CLANG_WARN_OBJC_LITERAL_CONVERSION = YES;
				CLANG_WARN_OBJC_ROOT_CLASS = YES_ERROR;
				CLANG_WARN_QUOTED_INCLUDE_IN_FRAMEWORK_HEADER = YES;
				CLANG_WARN_RANGE_LOOP_ANALYSIS = YES;
				CLANG_WARN_STRICT_PROTOTYPES = YES;
				CLANG_WARN_SUSPICIOUS_MOVE = YES;
				CLANG_WARN_UNGUARDED_AVAILABILITY = YES_AGGRESSIVE;
				CLANG_WARN_UNREACHABLE_CODE = YES;
				CLANG_WARN__DUPLICATE_METHOD_MATCH = YES;
				COPY_PHASE_STRIP = NO;
				DEBUG_INFORMATION_FORMAT = dwarf;
				ENABLE_STRICT_OBJC_MSGSEND = YES;
				ENABLE_TESTABILITY = YES;
				ENABLE_USER_SCRIPT_SANDBOXING = YES;
				GCC_C_LANGUAGE_STANDARD = gnu17;
				GCC_DYNAMIC_NO_PIC = NO;
				GCC_NO_COMMON_BLOCKS = YES;
				GCC_OPTIMIZATION_LEVEL = 0;
				GCC_PREPROCESSOR_DEFINITIONS = (
					"DEBUG=1",
					"$(inherited)",
				);
				GCC_WARN_64_TO_32_BIT_CONVERSION = YES;
				GCC_WARN_ABOUT_RETURN_TYPE = YES_ERROR;
				GCC_WARN_UNDECLARED_SELECTOR = YES;
				GCC_WARN_UNINITIALIZED_AUTOS = YES_AGGRESSIVE;
				GCC_WARN_UNUSED_FUNCTION = YES;
				GCC_WARN_UNUSED_VARIABLE = YES;
				IPHONEOS_DEPLOYMENT_TARGET = 18.4;
				LOCALIZATION_PREFERS_STRING_CATALOGS = YES;
				MTL_ENABLE_DEBUG_INFO = INCLUDE_SOURCE;
				MTL_FAST_MATH = YES;
				ONLY_ACTIVE_ARCH = YES;
				SDKROOT = iphoneos;
				SWIFT_ACTIVE_COMPILATION_CONDITIONS = "DEBUG $(inherited)";
				SWIFT_OPTIMIZATION_LEVEL = "-Onone";
			};
			name = Debug;
		};
		2ED591732E4D615F001FF3A4 /* Release */ = {
			isa = XCBuildConfiguration;
			buildSettings = {
				ALWAYS_SEARCH_USER_PATHS = NO;
				ASSETCATALOG_COMPILER_GENERATE_SWIFT_ASSET_SYMBOL_EXTENSIONS = YES;
				CLANG_ANALYZER_NONNULL = YES;
				CLANG_ANALYZER_NUMBER_OBJECT_CONVERSION = YES_AGGRESSIVE;
				CLANG_CXX_LANGUAGE_STANDARD = "gnu++20";
				CLANG_ENABLE_MODULES = YES;
				CLANG_ENABLE_OBJC_ARC = YES;
				CLANG_ENABLE_OBJC_WEAK = YES;
				CLANG_WARN_BLOCK_CAPTURE_AUTORELEASING = YES;
				CLANG_WARN_BOOL_CONVERSION = YES;
				CLANG_WARN_COMMA = YES;
				CLANG_WARN_CONSTANT_CONVERSION = YES;
				CLANG_WARN_DEPRECATED_OBJC_IMPLEMENTATIONS = YES;
				CLANG_WARN_DIRECT_OBJC_ISA_USAGE = YES_ERROR;
				CLANG_WARN_DOCUMENTATION_COMMENTS = YES;
				CLANG_WARN_EMPTY_BODY = YES;
				CLANG_WARN_ENUM_CONVERSION = YES;
				CLANG_WARN_INFINITE_RECURSION = YES;
				CLANG_WARN_INT_CONVERSION = YES;
				CLANG_WARN_NON_LITERAL_NULL_CONVERSION = YES;
				CLANG_WARN_OBJC_IMPLICIT_RETAIN_SELF = YES;
				CLANG_WARN_OBJC_LITERAL_CONVERSION = YES;
				CLANG_WARN_OBJC_ROOT_CLASS = YES_ERROR;
				CLANG_WARN_QUOTED_INCLUDE_IN_FRAMEWORK_HEADER = YES;
				CLANG_WARN_RANGE_LOOP_ANALYSIS = YES;
				CLANG_WARN_STRICT_PROTOTYPES = YES;
				CLANG_WARN_SUSPICIOUS_MOVE = YES;
				CLANG_WARN_UNGUARDED_AVAILABILITY = YES_AGGRESSIVE;
				CLANG_WARN_UNREACHABLE_CODE = YES;
				CLANG_WARN__DUPLICATE_METHOD_MATCH = YES;
				COPY_PHASE_STRIP = NO;
				DEBUG_INFORMATION_FORMAT = "dwarf-with-dsym";
				ENABLE_NS_ASSERTIONS = NO;
				ENABLE_STRICT_OBJC_MSGSEND = YES;
				ENABLE_USER_SCRIPT_SANDBOXING = YES;
				GCC_C_LANGUAGE_STANDARD = gnu17;
				GCC_NO_COMMON_BLOCKS = YES;
				GCC_WARN_64_TO_32_BIT_CONVERSION = YES;
				GCC_WARN_ABOUT_RETURN_TYPE = YES_ERROR;
				GCC_WARN_UNDECLARED_SELECTOR = YES;
				GCC_WARN_UNINITIALIZED_AUTOS = YES_AGGRESSIVE;
				GCC_WARN_UNUSED_FUNCTION = YES;
				GCC_WARN_UNUSED_VARIABLE = YES;
				IPHONEOS_DEPLOYMENT_TARGET = 18.4;
				LOCALIZATION_PREFERS_STRING_CATALOGS = YES;
				MTL_ENABLE_DEBUG_INFO = NO;
				MTL_FAST_MATH = YES;
				SDKROOT = iphoneos;
				SWIFT_COMPILATION_MODE = wholemodule;
				VALIDATE_PRODUCT = YES;
			};
			name = Release;
		};
		2ED591752E4D615F001FF3A4 /* Debug */ = {
			isa = XCBuildConfiguration;
			buildSettings = {
				BUNDLE_LOADER = "$(TEST_HOST)";
				CODE_SIGN_STYLE = Automatic;
				CURRENT_PROJECT_VERSION = 1;
				GENERATE_INFOPLIST_FILE = YES;
				IPHONEOS_DEPLOYMENT_TARGET = 18.4;
				MARKETING_VERSION = 1.0;
				PRODUCT_BUNDLE_IDENTIFIER = AlexanderZhilin.TestLuxuryTests;
				PRODUCT_NAME = "$(TARGET_NAME)";
				SWIFT_EMIT_LOC_STRINGS = NO;
				SWIFT_VERSION = 5.0;
				TARGETED_DEVICE_FAMILY = "1,2";
				TEST_HOST = "$(BUILT_PRODUCTS_DIR)/TestLuxury.app/$(BUNDLE_EXECUTABLE_FOLDER_PATH)/TestLuxury";
			};
			name = Debug;
		};
		2ED591762E4D615F001FF3A4 /* Release */ = {
			isa = XCBuildConfiguration;
			buildSettings = {
				BUNDLE_LOADER = "$(TEST_HOST)";
				CODE_SIGN_STYLE = Automatic;
				CURRENT_PROJECT_VERSION = 1;
				GENERATE_INFOPLIST_FILE = YES;
				IPHONEOS_DEPLOYMENT_TARGET = 18.4;
				MARKETING_VERSION = 1.0;
				PRODUCT_BUNDLE_IDENTIFIER = AlexanderZhilin.TestLuxuryTests;
				PRODUCT_NAME = "$(TARGET_NAME)";
				SWIFT_EMIT_LOC_STRINGS = NO;
				SWIFT_VERSION = 5.0;
				TARGETED_DEVICE_FAMILY = "1,2";
				TEST_HOST = "$(BUILT_PRODUCTS_DIR)/TestLuxury.app/$(BUNDLE_EXECUTABLE_FOLDER_PATH)/TestLuxury";
			};
			name = Release;
		};
		2ED591782E4D615F001FF3A4 /* Debug */ = {
			isa = XCBuildConfiguration;
			buildSettings = {
				CODE_SIGN_STYLE = Automatic;
				CURRENT_PROJECT_VERSION = 1;
				GENERATE_INFOPLIST_FILE = YES;
				MARKETING_VERSION = 1.0;
				PRODUCT_BUNDLE_IDENTIFIER = AlexanderZhilin.TestLuxuryUITests;
				PRODUCT_NAME = "$(TARGET_NAME)";
				SWIFT_EMIT_LOC_STRINGS = NO;
				SWIFT_VERSION = 5.0;
				TARGETED_DEVICE_FAMILY = "1,2";
				TEST_TARGET_NAME = TestLuxury;
			};
			name = Debug;
		};
		2ED591792E4D615F001FF3A4 /* Release */ = {
			isa = XCBuildConfiguration;
			buildSettings = {
				CODE_SIGN_STYLE = Automatic;
				CURRENT_PROJECT_VERSION = 1;
				GENERATE_INFOPLIST_FILE = YES;
				MARKETING_VERSION = 1.0;
				PRODUCT_BUNDLE_IDENTIFIER = AlexanderZhilin.TestLuxuryUITests;
				PRODUCT_NAME = "$(TARGET_NAME)";
				SWIFT_EMIT_LOC_STRINGS = NO;
				SWIFT_VERSION = 5.0;
				TARGETED_DEVICE_FAMILY = "1,2";
				TEST_TARGET_NAME = TestLuxury;
			};
			name = Release;
		};
/* End XCBuildConfiguration section */

/* Begin XCConfigurationList section */
		2ED5913E2E4D615D001FF3A4 /* Build configuration list for PBXProject "TestLuxury" */ = {
			isa = XCConfigurationList;
			buildConfigurations = (
				2ED591722E4D615F001FF3A4 /* Debug */,
				2ED591732E4D615F001FF3A4 /* Release */,
			);
			defaultConfigurationIsVisible = 0;
			defaultConfigurationName = Release;
		};
		2ED5916F2E4D615F001FF3A4 /* Build configuration list for PBXNativeTarget "TestLuxury" */ = {
			isa = XCConfigurationList;
			buildConfigurations = (
				2ED591702E4D615F001FF3A4 /* Debug */,
				2ED591712E4D615F001FF3A4 /* Release */,
			);
			defaultConfigurationIsVisible = 0;
			defaultConfigurationName = Release;
		};
		2ED591742E4D615F001FF3A4 /* Build configuration list for PBXNativeTarget "TestLuxuryTests" */ = {
			isa = XCConfigurationList;
			buildConfigurations = (
				2ED591752E4D615F001FF3A4 /* Debug */,
				2ED591762E4D615F001FF3A4 /* Release */,
			);
			defaultConfigurationIsVisible = 0;
			defaultConfigurationName = Release;
		};
		2ED591772E4D615F001FF3A4 /* Build configuration list for PBXNativeTarget "TestLuxuryUITests" */ = {
			isa = XCConfigurationList;
			buildConfigurations = (
				2ED591782E4D615F001FF3A4 /* Debug */,
				2ED591792E4D615F001FF3A4 /* Release */,
			);
			defaultConfigurationIsVisible = 0;
			defaultConfigurationName = Release;
		};
/* End XCConfigurationList section */

/* Begin XCRemoteSwiftPackageReference section */
		2ED5918D2E4D63C7001FF3A4 /* XCRemoteSwiftPackageReference "SnapKit" */ = {
			isa = XCRemoteSwiftPackageReference;
			repositoryURL = "https://github.com/SnapKit/SnapKit.git";
			requirement = {
				kind = upToNextMajorVersion;
				minimumVersion = 5.7.1;
			};
		};
/* End XCRemoteSwiftPackageReference section */

/* Begin XCSwiftPackageProductDependency section */
		2ED5918E2E4D63C7001FF3A4 /* SnapKit */ = {
			isa = XCSwiftPackageProductDependency;
			package = 2ED5918D2E4D63C7001FF3A4 /* XCRemoteSwiftPackageReference "SnapKit" */;
			productName = SnapKit;
		};
/* End XCSwiftPackageProductDependency section */
	};
	rootObject = 2ED5913B2E4D615D001FF3A4 /* Project object */;
}
